
Microsoft Visual Studio Solution File, Format Version 12.00
# Visual Studio Version 16
VisualStudioVersion = 16.0.31005.135
MinimumVisualStudioVersion = 10.0.40219.1
Project("{9A19103F-16F7-4668-BE54-9A1E7A4F7556}") = "Entities", "Entities\Entities.csproj", "{289F142D-436D-4F4E-B634-849E5FE62C48}"
EndProject
Project("{9A19103F-16F7-4668-BE54-9A1E7A4F7556}") = "Business", "Business\Business.csproj", "{BD783024-BD1C-460F-BAA3-89C9EADCB6CB}"
EndProject
Project("{9A19103F-16F7-4668-BE54-9A1E7A4F7556}") = "ConsoleUI", "Console\ConsoleUI.csproj", "{1E856088-BD06-47DF-8C2B-668CA7FFD113}"
EndProject
Project("{9A19103F-16F7-4668-BE54-9A1E7A4F7556}") = "DataAccess", "DataAccess\DataAccess.csproj", "{421DEBC4-13F8-4744-9D5C-1227E7E311BC}"
EndProject
Global
	GlobalSection(SolutionConfigurationPlatforms) = preSolution
		Debug|Any CPU = Debug|Any CPU
		Release|Any CPU = Release|Any CPU
	EndGlobalSection
	GlobalSection(ProjectConfigurationPlatforms) = postSolution
		{289F142D-436D-4F4E-B634-849E5FE62C48}.Debug|Any CPU.ActiveCfg = Debug|Any CPU
		{289F142D-436D-4F4E-B634-849E5FE62C48}.Debug|Any CPU.Build.0 = Debug|Any CPU
		{289F142D-436D-4F4E-B634-849E5FE62C48}.Release|Any CPU.ActiveCfg = Release|Any CPU
		{289F142D-436D-4F4E-B634-849E5FE62C48}.Release|Any CPU.Build.0 = Release|Any CPU
		{BD783024-BD1C-460F-BAA3-89C9EADCB6CB}.Debug|Any CPU.ActiveCfg = Debug|Any CPU
		{BD783024-BD1C-460F-BAA3-89C9EADCB6CB}.Debug|Any CPU.Build.0 = Debug|Any CPU
		{BD783024-BD1C-460F-BAA3-89C9EADCB6CB}.Release|Any CPU.ActiveCfg = Release|Any CPU
		{BD783024-BD1C-460F-BAA3-89C9EADCB6CB}.Release|Any CPU.Build.0 = Release|Any CPU
		{1E856088-BD06-47DF-8C2B-668CA7FFD113}.Debug|Any CPU.ActiveCfg = Debug|Any CPU
		{1E856088-BD06-47DF-8C2B-668CA7FFD113}.Debug|Any CPU.Build.0 = Debug|Any CPU
		{1E856088-BD06-47DF-8C2B-668CA7FFD113}.Release|Any CPU.ActiveCfg = Release|Any CPU
		{1E856088-BD06-47DF-8C2B-668CA7FFD113}.Release|Any CPU.Build.0 = Release|Any CPU
		{421DEBC4-13F8-4744-9D5C-1227E7E311BC}.Debug|Any CPU.ActiveCfg = Debug|Any CPU
		{421DEBC4-13F8-4744-9D5C-1227E7E311BC}.Debug|Any CPU.Build.0 = Debug|Any CPU
		{421DEBC4-13F8-4744-9D5C-1227E7E311BC}.Release|Any CPU.ActiveCfg = Release|Any CPU
		{421DEBC4-13F8-4744-9D5C-1227E7E311BC}.Release|Any CPU.Build.0 = Release|Any CPU
	EndGlobalSection
	GlobalSection(SolutionProperties) = preSolution
		HideSolutionNode = FALSE
	EndGlobalSection
	GlobalSection(ExtensibilityGlobals) = postSolution
		SolutionGuid = {F252D1A9-9C64-4E80-BCC4-80779C216F34}
	EndGlobalSection
EndGlobal
